// !$*UTF8*$!
{
	archiveVersion = 1;
	classes = {
	};
	objectVersion = 50;
	objects = {

/* Begin PBXBuildFile section */
		F323DB1E2212B21900C9AEE1 /* AppDelegate.swift in Sources */ = {isa = PBXBuildFile; fileRef = F323DB1D2212B21900C9AEE1 /* AppDelegate.swift */; };
		F323DB202212B21900C9AEE1 /* GameScene.sks in Resources */ = {isa = PBXBuildFile; fileRef = F323DB1F2212B21900C9AEE1 /* GameScene.sks */; };
		F323DB242212B21900C9AEE1 /* GameScene.swift in Sources */ = {isa = PBXBuildFile; fileRef = F323DB232212B21900C9AEE1 /* GameScene.swift */; };
		F323DB262212B21900C9AEE1 /* GameViewController.swift in Sources */ = {isa = PBXBuildFile; fileRef = F323DB252212B21900C9AEE1 /* GameViewController.swift */; };
		F323DB292212B21900C9AEE1 /* Main.storyboard in Resources */ = {isa = PBXBuildFile; fileRef = F323DB272212B21900C9AEE1 /* Main.storyboard */; };
		F323DB2B2212B21A00C9AEE1 /* Assets.xcassets in Resources */ = {isa = PBXBuildFile; fileRef = F323DB2A2212B21A00C9AEE1 /* Assets.xcassets */; };
		F323DB2E2212B21A00C9AEE1 /* LaunchScreen.storyboard in Resources */ = {isa = PBXBuildFile; fileRef = F323DB2C2212B21A00C9AEE1 /* LaunchScreen.storyboard */; };
		F323DB432212B32300C9AEE1 /* finish@2x.png in Resources */ = {isa = PBXBuildFile; fileRef = F323DB362212B32200C9AEE1 /* finish@2x.png */; };
		F323DB442212B32300C9AEE1 /* level1.txt in Resources */ = {isa = PBXBuildFile; fileRef = F323DB372212B32200C9AEE1 /* level1.txt */; };
		F323DB452212B32300C9AEE1 /* star@2x.png in Resources */ = {isa = PBXBuildFile; fileRef = F323DB382212B32200C9AEE1 /* star@2x.png */; };
		F323DB462212B32300C9AEE1 /* player@2x.png in Resources */ = {isa = PBXBuildFile; fileRef = F323DB392212B32200C9AEE1 /* player@2x.png */; };
		F323DB472212B32300C9AEE1 /* background.jpg in Resources */ = {isa = PBXBuildFile; fileRef = F323DB3A2212B32200C9AEE1 /* background.jpg */; };
		F323DB482212B32300C9AEE1 /* vortex.png in Resources */ = {isa = PBXBuildFile; fileRef = F323DB3B2212B32200C9AEE1 /* vortex.png */; };
		F323DB492212B32300C9AEE1 /* block.png in Resources */ = {isa = PBXBuildFile; fileRef = F323DB3C2212B32200C9AEE1 /* block.png */; };
		F323DB4A2212B32300C9AEE1 /* block@2x.png in Resources */ = {isa = PBXBuildFile; fileRef = F323DB3D2212B32200C9AEE1 /* block@2x.png */; };
		F323DB4B2212B32300C9AEE1 /* finish.png in Resources */ = {isa = PBXBuildFile; fileRef = F323DB3E2212B32200C9AEE1 /* finish.png */; };
		F323DB4C2212B32300C9AEE1 /* vortex@2x.png in Resources */ = {isa = PBXBuildFile; fileRef = F323DB3F2212B32200C9AEE1 /* vortex@2x.png */; };
		F323DB4D2212B32300C9AEE1 /* star.png in Resources */ = {isa = PBXBuildFile; fileRef = F323DB402212B32200C9AEE1 /* star.png */; };
		F323DB4E2212B32300C9AEE1 /* background@2x.jpg in Resources */ = {isa = PBXBuildFile; fileRef = F323DB412212B32200C9AEE1 /* background@2x.jpg */; };
		F323DB4F2212B32300C9AEE1 /* player.png in Resources */ = {isa = PBXBuildFile; fileRef = F323DB422212B32200C9AEE1 /* player.png */; };
/* End PBXBuildFile section */

/* Begin PBXFileReference section */
		F323DB1A2212B21900C9AEE1 /* Marble Maze.app */ = {isa = PBXFileReference; explicitFileType = wrapper.application; includeInIndex = 0; path = "Marble Maze.app"; sourceTree = BUILT_PRODUCTS_DIR; };
		F323DB1D2212B21900C9AEE1 /* AppDelegate.swift */ = {isa = PBXFileReference; lastKnownFileType = sourcecode.swift; path = AppDelegate.swift; sourceTree = "<group>"; };
		F323DB1F2212B21900C9AEE1 /* GameScene.sks */ = {isa = PBXFileReference; lastKnownFileType = file.sks; path = GameScene.sks; sourceTree = "<group>"; };
		F323DB232212B21900C9AEE1 /* GameScene.swift */ = {isa = PBXFileReference; lastKnownFileType = sourcecode.swift; path = GameScene.swift; sourceTree = "<group>"; };
		F323DB252212B21900C9AEE1 /* GameViewController.swift */ = {isa = PBXFileReference; lastKnownFileType = sourcecode.swift; path = GameViewController.swift; sourceTree = "<group>"; };
		F323DB282212B21900C9AEE1 /* Base */ = {isa = PBXFileReference; lastKnownFileType = file.storyboard; name = Base; path = Base.lproj/Main.storyboard; sourceTree = "<group>"; };
		F323DB2A2212B21A00C9AEE1 /* Assets.xcassets */ = {isa = PBXFileReference; lastKnownFileType = folder.assetcatalog; path = Assets.xcassets; sourceTree = "<group>"; };
		F323DB2D2212B21A00C9AEE1 /* Base */ = {isa = PBXFileReference; lastKnownFileType = file.storyboard; name = Base; path = Base.lproj/LaunchScreen.storyboard; sourceTree = "<group>"; };
		F323DB2F2212B21A00C9AEE1 /* Info.plist */ = {isa = PBXFileReference; lastKnownFileType = text.plist.xml; path = Info.plist; sourceTree = "<group>"; };
		F323DB362212B32200C9AEE1 /* finish@2x.png */ = {isa = PBXFileReference; lastKnownFileType = image.png; path = "finish@2x.png"; sourceTree = "<group>"; };
		F323DB372212B32200C9AEE1 /* level1.txt */ = {isa = PBXFileReference; fileEncoding = 4; lastKnownFileType = text; path = level1.txt; sourceTree = "<group>"; };
		F323DB382212B32200C9AEE1 /* star@2x.png */ = {isa = PBXFileReference; lastKnownFileType = image.png; path = "star@2x.png"; sourceTree = "<group>"; };
		F323DB392212B32200C9AEE1 /* player@2x.png */ = {isa = PBXFileReference; lastKnownFileType = image.png; path = "player@2x.png"; sourceTree = "<group>"; };
		F323DB3A2212B32200C9AEE1 /* background.jpg */ = {isa = PBXFileReference; lastKnownFileType = image.jpeg; path = background.jpg; sourceTree = "<group>"; };
		F323DB3B2212B32200C9AEE1 /* vortex.png */ = {isa = PBXFileReference; lastKnownFileType = image.png; path = vortex.png; sourceTree = "<group>"; };
		F323DB3C2212B32200C9AEE1 /* block.png */ = {isa = PBXFileReference; lastKnownFileType = image.png; path = block.png; sourceTree = "<group>"; };
		F323DB3D2212B32200C9AEE1 /* block@2x.png */ = {isa = PBXFileReference; lastKnownFileType = image.png; path = "block@2x.png"; sourceTree = "<group>"; };
		F323DB3E2212B32200C9AEE1 /* finish.png */ = {isa = PBXFileReference; lastKnownFileType = image.png; path = finish.png; sourceTree = "<group>"; };
		F323DB3F2212B32200C9AEE1 /* vortex@2x.png */ = {isa = PBXFileReference; lastKnownFileType = image.png; path = "vortex@2x.png"; sourceTree = "<group>"; };
		F323DB402212B32200C9AEE1 /* star.png */ = {isa = PBXFileReference; lastKnownFileType = image.png; path = star.png; sourceTree = "<group>"; };
		F323DB412212B32200C9AEE1 /* background@2x.jpg */ = {isa = PBXFileReference; lastKnownFileType = image.jpeg; path = "background@2x.jpg"; sourceTree = "<group>"; };
		F323DB422212B32200C9AEE1 /* player.png */ = {isa = PBXFileReference; lastKnownFileType = image.png; path = player.png; sourceTree = "<group>"; };
/* End PBXFileReference section */

/* Begin PBXFrameworksBuildPhase section */
		F323DB172212B21900C9AEE1 /* Frameworks */ = {
			isa = PBXFrameworksBuildPhase;
			buildActionMask = 2147483647;
			files = (
			);
			runOnlyForDeploymentPostprocessing = 0;
		};
/* End PBXFrameworksBuildPhase section */

/* Begin PBXGroup section */
		F323DB112212B21900C9AEE1 = {
			isa = PBXGroup;
			children = (
				F323DB1C2212B21900C9AEE1 /* Marble Maze */,
				F323DB1B2212B21900C9AEE1 /* Products */,
			);
			sourceTree = "<group>";
		};
		F323DB1B2212B21900C9AEE1 /* Products */ = {
			isa = PBXGroup;
			children = (
				F323DB1A2212B21900C9AEE1 /* Marble Maze.app */,
			);
			name = Products;
			sourceTree = "<group>";
		};
		F323DB1C2212B21900C9AEE1 /* Marble Maze */ = {
			isa = PBXGroup;
			children = (
				F323DB1D2212B21900C9AEE1 /* AppDelegate.swift */,
				F323DB1F2212B21900C9AEE1 /* GameScene.sks */,
				F323DB232212B21900C9AEE1 /* GameScene.swift */,
				F323DB252212B21900C9AEE1 /* GameViewController.swift */,
				F323DB272212B21900C9AEE1 /* Main.storyboard */,
				F323DB2A2212B21A00C9AEE1 /* Assets.xcassets */,
				F323DB2C2212B21A00C9AEE1 /* LaunchScreen.storyboard */,
				F323DB2F2212B21A00C9AEE1 /* Info.plist */,
				F323DB352212B32200C9AEE1 /* Content */,
			);
			path = "Marble Maze";
			sourceTree = "<group>";
		};
		F323DB352212B32200C9AEE1 /* Content */ = {
			isa = PBXGroup;
			children = (
				F323DB362212B32200C9AEE1 /* finish@2x.png */,
				F323DB372212B32200C9AEE1 /* level1.txt */,
				F323DB382212B32200C9AEE1 /* star@2x.png */,
				F323DB392212B32200C9AEE1 /* player@2x.png */,
				F323DB3A2212B32200C9AEE1 /* background.jpg */,
				F323DB3B2212B32200C9AEE1 /* vortex.png */,
				F323DB3C2212B32200C9AEE1 /* block.png */,
				F323DB3D2212B32200C9AEE1 /* block@2x.png */,
				F323DB3E2212B32200C9AEE1 /* finish.png */,
				F323DB3F2212B32200C9AEE1 /* vortex@2x.png */,
				F323DB402212B32200C9AEE1 /* star.png */,
				F323DB412212B32200C9AEE1 /* background@2x.jpg */,
				F323DB422212B32200C9AEE1 /* player.png */,
			);
			path = Content;
			sourceTree = "<group>";
		};
/* End PBXGroup section */

/* Begin PBXNativeTarget section */
		F323DB192212B21900C9AEE1 /* Marble Maze */ = {
			isa = PBXNativeTarget;
			buildConfigurationList = F323DB322212B21A00C9AEE1 /* Build configuration list for PBXNativeTarget "Marble Maze" */;
			buildPhases = (
				F323DB162212B21900C9AEE1 /* Sources */,
				F323DB172212B21900C9AEE1 /* Frameworks */,
				F323DB182212B21900C9AEE1 /* Resources */,
			);
			buildRules = (
			);
			dependencies = (
			);
			name = "Marble Maze";
			productName = "Marble Maze";
			productReference = F323DB1A2212B21900C9AEE1 /* Marble Maze.app */;
			productType = "com.apple.product-type.application";
		};
/* End PBXNativeTarget section */

/* Begin PBXProject section */
		F323DB122212B21900C9AEE1 /* Project object */ = {
			isa = PBXProject;
			attributes = {
				LastSwiftUpdateCheck = 1010;
				LastUpgradeCheck = 1010;
				ORGANIZATIONNAME = "Brian Sipple";
				TargetAttributes = {
					F323DB192212B21900C9AEE1 = {
						CreatedOnToolsVersion = 10.1;
					};
				};
			};
			buildConfigurationList = F323DB152212B21900C9AEE1 /* Build configuration list for PBXProject "Marble Maze" */;
			compatibilityVersion = "Xcode 9.3";
			developmentRegion = en;
			hasScannedForEncodings = 0;
			knownRegions = (
				en,
				Base,
			);
			mainGroup = F323DB112212B21900C9AEE1;
			productRefGroup = F323DB1B2212B21900C9AEE1 /* Products */;
			projectDirPath = "";
			projectRoot = "";
			targets = (
				F323DB192212B21900C9AEE1 /* Marble Maze */,
			);
		};
/* End PBXProject section */

/* Begin PBXResourcesBuildPhase section */
		F323DB182212B21900C9AEE1 /* Resources */ = {
			isa = PBXResourcesBuildPhase;
			buildActionMask = 2147483647;
			files = (
				F323DB472212B32300C9AEE1 /* background.jpg in Resources */,
				F323DB292212B21900C9AEE1 /* Main.storyboard in Resources */,
				F323DB4C2212B32300C9AEE1 /* vortex@2x.png in Resources */,
				F323DB492212B32300C9AEE1 /* block.png in Resources */,
				F323DB202212B21900C9AEE1 /* GameScene.sks in Resources */,
				F323DB4A2212B32300C9AEE1 /* block@2x.png in Resources */,
				F323DB452212B32300C9AEE1 /* star@2x.png in Resources */,
				F323DB432212B32300C9AEE1 /* finish@2x.png in Resources */,
				F323DB4B2212B32300C9AEE1 /* finish.png in Resources */,
				F323DB4F2212B32300C9AEE1 /* player.png in Resources */,
				F323DB442212B32300C9AEE1 /* level1.txt in Resources */,
				F323DB4E2212B32300C9AEE1 /* background@2x.jpg in Resources */,
				F323DB2B2212B21A00C9AEE1 /* Assets.xcassets in Resources */,
				F323DB4D2212B32300C9AEE1 /* star.png in Resources */,
				F323DB2E2212B21A00C9AEE1 /* LaunchScreen.storyboard in Resources */,
				F323DB462212B32300C9AEE1 /* player@2x.png in Resources */,
				F323DB482212B32300C9AEE1 /* vortex.png in Resources */,
			);
			runOnlyForDeploymentPostprocessing = 0;
		};
/* End PBXResourcesBuildPhase section */

/* Begin PBXSourcesBuildPhase section */
		F323DB162212B21900C9AEE1 /* Sources */ = {
			isa = PBXSourcesBuildPhase;
			buildActionMask = 2147483647;
			files = (
				F323DB242212B21900C9AEE1 /* GameScene.swift in Sources */,
				F323DB262212B21900C9AEE1 /* GameViewController.swift in Sources */,
				F323DB1E2212B21900C9AEE1 /* AppDelegate.swift in Sources */,
			);
			runOnlyForDeploymentPostprocessing = 0;
		};
/* End PBXSourcesBuildPhase section */

/* Begin PBXVariantGroup section */
		F323DB272212B21900C9AEE1 /* Main.storyboard */ = {
			isa = PBXVariantGroup;
			children = (
				F323DB282212B21900C9AEE1 /* Base */,
			);
			name = Main.storyboard;
			sourceTree = "<group>";
		};
		F323DB2C2212B21A00C9AEE1 /* LaunchScreen.storyboard */ = {
			isa = PBXVariantGroup;
			children = (
				F323DB2D2212B21A00C9AEE1 /* Base */,
			);
			name = LaunchScreen.storyboard;
			sourceTree = "<group>";
		};
/* End PBXVariantGroup section */

/* Begin XCBuildConfiguration section */
		F323DB302212B21A00C9AEE1 /* Debug */ = {
			isa = XCBuildConfiguration;
			buildSettings = {
				ALWAYS_SEARCH_USER_PATHS = NO;
				CLANG_ANALYZER_NONNULL = YES;
				CLANG_ANALYZER_NUMBER_OBJECT_CONVERSION = YES_AGGRESSIVE;
				CLANG_CXX_LANGUAGE_STANDARD = "gnu++14";
				CLANG_CXX_LIBRARY = "libc++";
				CLANG_ENABLE_MODULES = YES;
				CLANG_ENABLE_OBJC_ARC = YES;
				CLANG_ENABLE_OBJC_WEAK = YES;
				CLANG_WARN_BLOCK_CAPTURE_AUTORELEASING = YES;
				CLANG_WARN_BOOL_CONVERSION = YES;
				CLANG_WARN_COMMA = YES;
				CLANG_WARN_CONSTANT_CONVERSION = YES;
				CLANG_WARN_DEPRECATED_OBJC_IMPLEMENTATIONS = YES;
				CLANG_WARN_DIRECT_OBJC_ISA_USAGE = YES_ERROR;
				CLANG_WARN_DOCUMENTATION_COMMENTS = YES;
				CLANG_WARN_EMPTY_BODY = YES;
				CLANG_WARN_ENUM_CONVERSION = YES;
				CLANG_WARN_INFINITE_RECURSION = YES;
				CLANG_WARN_INT_CONVERSION = YES;
				CLANG_WARN_NON_LITERAL_NULL_CONVERSION = YES;
				CLANG_WARN_OBJC_IMPLICIT_RETAIN_SELF = YES;
				CLANG_WARN_OBJC_LITERAL_CONVERSION = YES;
				CLANG_WARN_OBJC_ROOT_CLASS = YES_ERROR;
				CLANG_WARN_RANGE_LOOP_ANALYSIS = YES;
				CLANG_WARN_STRICT_PROTOTYPES = YES;
				CLANG_WARN_SUSPICIOUS_MOVE = YES;
				CLANG_WARN_UNGUARDED_AVAILABILITY = YES_AGGRESSIVE;
				CLANG_WARN_UNREACHABLE_CODE = YES;
				CLANG_WARN__DUPLICATE_METHOD_MATCH = YES;
				CODE_SIGN_IDENTITY = "iPhone Developer";
				COPY_PHASE_STRIP = NO;
				DEBUG_INFORMATION_FORMAT = dwarf;
				ENABLE_STRICT_OBJC_MSGSEND = YES;
				ENABLE_TESTABILITY = YES;
				GCC_C_LANGUAGE_STANDARD = gnu11;
				GCC_DYNAMIC_NO_PIC = NO;
				GCC_NO_COMMON_BLOCKS = YES;
				GCC_OPTIMIZATION_LEVEL = 0;
				GCC_PREPROCESSOR_DEFINITIONS = (
					"DEBUG=1",
					"$(inherited)",
				);
				GCC_WARN_64_TO_32_BIT_CONVERSION = YES;
				GCC_WARN_ABOUT_RETURN_TYPE = YES_ERROR;
				GCC_WARN_UNDECLARED_SELECTOR = YES;
				GCC_WARN_UNINITIALIZED_AUTOS = YES_AGGRESSIVE;
				GCC_WARN_UNUSED_FUNCTION = YES;
				GCC_WARN_UNUSED_VARIABLE = YES;
				IPHONEOS_DEPLOYMENT_TARGET = 12.1;
				MTL_ENABLE_DEBUG_INFO = INCLUDE_SOURCE;
				MTL_FAST_MATH = YES;
				ONLY_ACTIVE_ARCH = YES;
				SDKROOT = iphoneos;
				SWIFT_ACTIVE_COMPILATION_CONDITIONS = DEBUG;
				SWIFT_OPTIMIZATION_LEVEL = "-Onone";
			};
			name = Debug;
		};
		F323DB312212B21A00C9AEE1 /* Release */ = {
			isa = XCBuildConfiguration;
			buildSettings = {
				ALWAYS_SEARCH_USER_PATHS = NO;
				CLANG_ANALYZER_NONNULL = YES;
				CLANG_ANALYZER_NUMBER_OBJECT_CONVERSION = YES_AGGRESSIVE;
				CLANG_CXX_LANGUAGE_STANDARD = "gnu++14";
				CLANG_CXX_LIBRARY = "libc++";
				CLANG_ENABLE_MODULES = YES;
				CLANG_ENABLE_OBJC_ARC = YES;
				CLANG_ENABLE_OBJC_WEAK = YES;
				CLANG_WARN_BLOCK_CAPTURE_AUTORELEASING = YES;
				CLANG_WARN_BOOL_CONVERSION = YES;
				CLANG_WARN_COMMA = YES;
				CLANG_WARN_CONSTANT_CONVERSION = YES;
				CLANG_WARN_DEPRECATED_OBJC_IMPLEMENTATIONS = YES;
				CLANG_WARN_DIRECT_OBJC_ISA_USAGE = YES_ERROR;
				CLANG_WARN_DOCUMENTATION_COMMENTS = YES;
				CLANG_WARN_EMPTY_BODY = YES;
				CLANG_WARN_ENUM_CONVERSION = YES;
				CLANG_WARN_INFINITE_RECURSION = YES;
				CLANG_WARN_INT_CONVERSION = YES;
				CLANG_WARN_NON_LITERAL_NULL_CONVERSION = YES;
				CLANG_WARN_OBJC_IMPLICIT_RETAIN_SELF = YES;
				CLANG_WARN_OBJC_LITERAL_CONVERSION = YES;
				CLANG_WARN_OBJC_ROOT_CLASS = YES_ERROR;
				CLANG_WARN_RANGE_LOOP_ANALYSIS = YES;
				CLANG_WARN_STRICT_PROTOTYPES = YES;
				CLANG_WARN_SUSPICIOUS_MOVE = YES;
				CLANG_WARN_UNGUARDED_AVAILABILITY = YES_AGGRESSIVE;
				CLANG_WARN_UNREACHABLE_CODE = YES;
				CLANG_WARN__DUPLICATE_METHOD_MATCH = YES;
				CODE_SIGN_IDENTITY = "iPhone Developer";
				COPY_PHASE_STRIP = NO;
				DEBUG_INFORMATION_FORMAT = "dwarf-with-dsym";
				ENABLE_NS_ASSERTIONS = NO;
				ENABLE_STRICT_OBJC_MSGSEND = YES;
				GCC_C_LANGUAGE_STANDARD = gnu11;
				GCC_NO_COMMON_BLOCKS = YES;
				GCC_WARN_64_TO_32_BIT_CONVERSION = YES;
				GCC_WARN_ABOUT_RETURN_TYPE = YES_ERROR;
				GCC_WARN_UNDECLARED_SELECTOR = YES;
				GCC_WARN_UNINITIALIZED_AUTOS = YES_AGGRESSIVE;
				GCC_WARN_UNUSED_FUNCTION = YES;
				GCC_WARN_UNUSED_VARIABLE = YES;
				IPHONEOS_DEPLOYMENT_TARGET = 12.1;
				MTL_ENABLE_DEBUG_INFO = NO;
				MTL_FAST_MATH = YES;
				SDKROOT = iphoneos;
				SWIFT_COMPILATION_MODE = wholemodule;
				SWIFT_OPTIMIZATION_LEVEL = "-O";
				VALIDATE_PRODUCT = YES;
			};
			name = Release;
		};
		F323DB332212B21A00C9AEE1 /* Debug */ = {
			isa = XCBuildConfiguration;
			buildSettings = {
				ASSETCATALOG_COMPILER_APPICON_NAME = AppIcon;
				CODE_SIGN_STYLE = Automatic;
				DEVELOPMENT_TEAM = QRXXH2RKAG;
				INFOPLIST_FILE = "Marble Maze/Info.plist";
				LD_RUNPATH_SEARCH_PATHS = (
					"$(inherited)",
					"@executable_path/Frameworks",
				);
				PRODUCT_BUNDLE_IDENTIFIER = "io.sipple.Marble-Maze";
				PRODUCT_NAME = "$(TARGET_NAME)";
				SWIFT_VERSION = 4.2;
				TARGETED_DEVICE_FAMILY = 2;
			};
			name = Debug;
		};
		F323DB342212B21A00C9AEE1 /* Release */ = {
			isa = XCBuildConfiguration;
			buildSettings = {
				ASSETCATALOG_COMPILER_APPICON_NAME = AppIcon;
				CODE_SIGN_STYLE = Automatic;
				DEVELOPMENT_TEAM = QRXXH2RKAG;
				INFOPLIST_FILE = "Marble Maze/Info.plist";
				LD_RUNPATH_SEARCH_PATHS = (
					"$(inherited)",
					"@executable_path/Frameworks",
				);
				PRODUCT_BUNDLE_IDENTIFIER = "io.sipple.Marble-Maze";
				PRODUCT_NAME = "$(TARGET_NAME)";
				SWIFT_VERSION = 4.2;
				TARGETED_DEVICE_FAMILY = 2;
			};
			name = Release;
		};
/* End XCBuildConfiguration section */

/* Begin XCConfigurationList section */
		F323DB152212B21900C9AEE1 /* Build configuration list for PBXProject "Marble Maze" */ = {
			isa = XCConfigurationList;
			buildConfigurations = (
				F323DB302212B21A00C9AEE1 /* Debug */,
				F323DB312212B21A00C9AEE1 /* Release */,
			);
			defaultConfigurationIsVisible = 0;
			defaultConfigurationName = Release;
		};
		F323DB322212B21A00C9AEE1 /* Build configuration list for PBXNativeTarget "Marble Maze" */ = {
			isa = XCConfigurationList;
			buildConfigurations = (
				F323DB332212B21A00C9AEE1 /* Debug */,
				F323DB342212B21A00C9AEE1 /* Release */,
			);
			defaultConfigurationIsVisible = 0;
			defaultConfigurationName = Release;
		};
/* End XCConfigurationList section */
	};
	rootObject = F323DB122212B21900C9AEE1 /* Project object */;
}
