// !$*UTF8*$!
{
	archiveVersion = 1;
	classes = {
	};
	objectVersion = 50;
	objects = {

/* Begin PBXBuildFile section */
		F35ABF8B2233E65F00206C90 /* Commit+CoreDataClass.swift in Sources */ = {isa = PBXBuildFile; fileRef = F35ABF892233E65F00206C90 /* Commit+CoreDataClass.swift */; };
		F35ABF8C2233E65F00206C90 /* Commit+CoreDataProperties.swift in Sources */ = {isa = PBXBuildFile; fileRef = F35ABF8A2233E65F00206C90 /* Commit+CoreDataProperties.swift */; };
		F35ABF8E2233F5CE00206C90 /* GithubAPI.swift in Sources */ = {isa = PBXBuildFile; fileRef = F35ABF8D2233F5CE00206C90 /* GithubAPI.swift */; };
		F35ABF912234BDE000206C90 /* CodingUserInfoKey+Util.swift in Sources */ = {isa = PBXBuildFile; fileRef = F35ABF902234BDE000206C90 /* CodingUserInfoKey+Util.swift */; };
		F35ABFD22235548400206C90 /* UIViewController+Util.swift in Sources */ = {isa = PBXBuildFile; fileRef = F35ABFD12235548400206C90 /* UIViewController+Util.swift */; };
		F3A237752233870A00986BB6 /* Assets.xcassets in Resources */ = {isa = PBXBuildFile; fileRef = F3A2376B2233870A00986BB6 /* Assets.xcassets */; };
		F3A237772233870A00986BB6 /* LaunchScreen.storyboard in Resources */ = {isa = PBXBuildFile; fileRef = F3A2376F2233870A00986BB6 /* LaunchScreen.storyboard */; };
		F3A237782233870A00986BB6 /* AppDelegate.swift in Sources */ = {isa = PBXBuildFile; fileRef = F3A237702233870A00986BB6 /* AppDelegate.swift */; };
		F3A237792233870A00986BB6 /* Home.storyboard in Resources */ = {isa = PBXBuildFile; fileRef = F3A237732233870A00986BB6 /* Home.storyboard */; };
		F3A2377A2233870A00986BB6 /* HomeViewController.swift in Sources */ = {isa = PBXBuildFile; fileRef = F3A237742233870A00986BB6 /* HomeViewController.swift */; };
		F3A2377D2233B2A200986BB6 /* CommitDetailViewController.swift in Sources */ = {isa = PBXBuildFile; fileRef = F3A2377C2233B2A200986BB6 /* CommitDetailViewController.swift */; };
		F3A237842233C30200986BB6 /* GithubCommits.xcdatamodeld in Sources */ = {isa = PBXBuildFile; fileRef = F3A237822233C30200986BB6 /* GithubCommits.xcdatamodeld */; };
		F3E26D5B2238C78800AE182D /* Author+CoreDataProperties.swift in Sources */ = {isa = PBXBuildFile; fileRef = F3E26D592238C78800AE182D /* Author+CoreDataProperties.swift */; };
		F3E26D5C2238C78800AE182D /* Author+CoreDataClass.swift in Sources */ = {isa = PBXBuildFile; fileRef = F3E26D5A2238C78800AE182D /* Author+CoreDataClass.swift */; };
		F3E26D5F2238E32600AE182D /* AuthorCommitsListViewController.swift in Sources */ = {isa = PBXBuildFile; fileRef = F3E26D5E2238E32600AE182D /* AuthorCommitsListViewController.swift */; };
		F3E26D612238E84500AE182D /* StoryboardID.swift in Sources */ = {isa = PBXBuildFile; fileRef = F3E26D602238E84500AE182D /* StoryboardID.swift */; };
/* End PBXBuildFile section */

/* Begin PBXFileReference section */
		F35ABF892233E65F00206C90 /* Commit+CoreDataClass.swift */ = {isa = PBXFileReference; lastKnownFileType = sourcecode.swift; path = "Commit+CoreDataClass.swift"; sourceTree = "<group>"; };
		F35ABF8A2233E65F00206C90 /* Commit+CoreDataProperties.swift */ = {isa = PBXFileReference; lastKnownFileType = sourcecode.swift; path = "Commit+CoreDataProperties.swift"; sourceTree = "<group>"; };
		F35ABF8D2233F5CE00206C90 /* GithubAPI.swift */ = {isa = PBXFileReference; lastKnownFileType = sourcecode.swift; path = GithubAPI.swift; sourceTree = "<group>"; };
		F35ABF902234BDE000206C90 /* CodingUserInfoKey+Util.swift */ = {isa = PBXFileReference; lastKnownFileType = sourcecode.swift; path = "CodingUserInfoKey+Util.swift"; sourceTree = "<group>"; };
		F35ABFD12235548400206C90 /* UIViewController+Util.swift */ = {isa = PBXFileReference; lastKnownFileType = sourcecode.swift; path = "UIViewController+Util.swift"; sourceTree = "<group>"; };
		F3A2375422335D8100986BB6 /* Github Commits.app */ = {isa = PBXFileReference; explicitFileType = wrapper.application; includeInIndex = 0; path = "Github Commits.app"; sourceTree = BUILT_PRODUCTS_DIR; };
		F3A2376B2233870A00986BB6 /* Assets.xcassets */ = {isa = PBXFileReference; lastKnownFileType = folder.assetcatalog; path = Assets.xcassets; sourceTree = "<group>"; };
		F3A2376D2233870A00986BB6 /* Info.plist */ = {isa = PBXFileReference; fileEncoding = 4; lastKnownFileType = text.plist.xml; path = Info.plist; sourceTree = "<group>"; };
		F3A2376F2233870A00986BB6 /* LaunchScreen.storyboard */ = {isa = PBXFileReference; fileEncoding = 4; lastKnownFileType = file.storyboard; path = LaunchScreen.storyboard; sourceTree = "<group>"; };
		F3A237702233870A00986BB6 /* AppDelegate.swift */ = {isa = PBXFileReference; fileEncoding = 4; lastKnownFileType = sourcecode.swift; path = AppDelegate.swift; sourceTree = "<group>"; };
		F3A237732233870A00986BB6 /* Home.storyboard */ = {isa = PBXFileReference; fileEncoding = 4; lastKnownFileType = file.storyboard; path = Home.storyboard; sourceTree = "<group>"; };
		F3A237742233870A00986BB6 /* HomeViewController.swift */ = {isa = PBXFileReference; fileEncoding = 4; lastKnownFileType = sourcecode.swift; path = HomeViewController.swift; sourceTree = "<group>"; };
		F3A2377C2233B2A200986BB6 /* CommitDetailViewController.swift */ = {isa = PBXFileReference; lastKnownFileType = sourcecode.swift; path = CommitDetailViewController.swift; sourceTree = "<group>"; };
		F3A237832233C30200986BB6 /* GithubCommits.xcdatamodel */ = {isa = PBXFileReference; lastKnownFileType = wrapper.xcdatamodel; path = GithubCommits.xcdatamodel; sourceTree = "<group>"; };
		F3E26D592238C78800AE182D /* Author+CoreDataProperties.swift */ = {isa = PBXFileReference; fileEncoding = 4; lastKnownFileType = sourcecode.swift; path = "Author+CoreDataProperties.swift"; sourceTree = "<group>"; };
		F3E26D5A2238C78800AE182D /* Author+CoreDataClass.swift */ = {isa = PBXFileReference; fileEncoding = 4; lastKnownFileType = sourcecode.swift; path = "Author+CoreDataClass.swift"; sourceTree = "<group>"; };
		F3E26D5E2238E32600AE182D /* AuthorCommitsListViewController.swift */ = {isa = PBXFileReference; lastKnownFileType = sourcecode.swift; path = AuthorCommitsListViewController.swift; sourceTree = "<group>"; };
		F3E26D602238E84500AE182D /* StoryboardID.swift */ = {isa = PBXFileReference; lastKnownFileType = sourcecode.swift; path = StoryboardID.swift; sourceTree = "<group>"; };
/* End PBXFileReference section */

/* Begin PBXFrameworksBuildPhase section */
		F3A2375122335D8100986BB6 /* Frameworks */ = {
			isa = PBXFrameworksBuildPhase;
			buildActionMask = 2147483647;
			files = (
			);
			runOnlyForDeploymentPostprocessing = 0;
		};
/* End PBXFrameworksBuildPhase section */

/* Begin PBXGroup section */
		F35ABF8F2234BDCC00206C90 /* Extensions */ = {
			isa = PBXGroup;
			children = (
				F35ABF902234BDE000206C90 /* CodingUserInfoKey+Util.swift */,
				F35ABFD12235548400206C90 /* UIViewController+Util.swift */,
				F3E26D602238E84500AE182D /* StoryboardID.swift */,
			);
			path = Extensions;
			sourceTree = "<group>";
		};
		F3A2374B22335D8100986BB6 = {
			isa = PBXGroup;
			children = (
				F3A237692233870A00986BB6 /* Source */,
				F3A2375522335D8100986BB6 /* Products */,
			);
			sourceTree = "<group>";
		};
		F3A2375522335D8100986BB6 /* Products */ = {
			isa = PBXGroup;
			children = (
				F3A2375422335D8100986BB6 /* Github Commits.app */,
			);
			name = Products;
			sourceTree = "<group>";
		};
		F3A237692233870A00986BB6 /* Source */ = {
			isa = PBXGroup;
			children = (
				F35ABF8F2234BDCC00206C90 /* Extensions */,
				F3A237812233C30200986BB6 /* Models */,
				F3A2376A2233870A00986BB6 /* Resources */,
				F3A2376C2233870A00986BB6 /* Supporting Files */,
				F3A2376E2233870A00986BB6 /* App Start */,
				F3A237712233870A00986BB6 /* Controllers */,
			);
			path = Source;
			sourceTree = "<group>";
		};
		F3A2376A2233870A00986BB6 /* Resources */ = {
			isa = PBXGroup;
			children = (
				F3A2376B2233870A00986BB6 /* Assets.xcassets */,
			);
			path = Resources;
			sourceTree = "<group>";
		};
		F3A2376C2233870A00986BB6 /* Supporting Files */ = {
			isa = PBXGroup;
			children = (
				F3A2376D2233870A00986BB6 /* Info.plist */,
				F35ABF8D2233F5CE00206C90 /* GithubAPI.swift */,
			);
			path = "Supporting Files";
			sourceTree = "<group>";
		};
		F3A2376E2233870A00986BB6 /* App Start */ = {
			isa = PBXGroup;
			children = (
				F3A2376F2233870A00986BB6 /* LaunchScreen.storyboard */,
				F3A237702233870A00986BB6 /* AppDelegate.swift */,
			);
			path = "App Start";
			sourceTree = "<group>";
		};
		F3A237712233870A00986BB6 /* Controllers */ = {
			isa = PBXGroup;
			children = (
				F3E26D5D2238E2F800AE182D /* Author */,
				F3A2377B2233B28700986BB6 /* Commit */,
				F3A237722233870A00986BB6 /* Home */,
			);
			path = Controllers;
			sourceTree = "<group>";
		};
		F3A237722233870A00986BB6 /* Home */ = {
			isa = PBXGroup;
			children = (
				F3A237732233870A00986BB6 /* Home.storyboard */,
				F3A237742233870A00986BB6 /* HomeViewController.swift */,
			);
			path = Home;
			sourceTree = "<group>";
		};
		F3A2377B2233B28700986BB6 /* Commit */ = {
			isa = PBXGroup;
			children = (
				F3A2377C2233B2A200986BB6 /* CommitDetailViewController.swift */,
			);
			name = Commit;
			path = Source/Controllers/Commit;
			sourceTree = SOURCE_ROOT;
		};
		F3A237812233C30200986BB6 /* Models */ = {
			isa = PBXGroup;
			children = (
				F3E26D5A2238C78800AE182D /* Author+CoreDataClass.swift */,
				F3E26D592238C78800AE182D /* Author+CoreDataProperties.swift */,
				F35ABF892233E65F00206C90 /* Commit+CoreDataClass.swift */,
				F35ABF8A2233E65F00206C90 /* Commit+CoreDataProperties.swift */,
				F3A237822233C30200986BB6 /* GithubCommits.xcdatamodeld */,
			);
			path = Models;
			sourceTree = "<group>";
		};
		F3E26D5D2238E2F800AE182D /* Author */ = {
			isa = PBXGroup;
			children = (
				F3E26D5E2238E32600AE182D /* AuthorCommitsListViewController.swift */,
			);
			path = Author;
			sourceTree = "<group>";
		};
/* End PBXGroup section */

/* Begin PBXNativeTarget section */
		F3A2375322335D8100986BB6 /* Github Commits */ = {
			isa = PBXNativeTarget;
			buildConfigurationList = F3A2376622335D8300986BB6 /* Build configuration list for PBXNativeTarget "Github Commits" */;
			buildPhases = (
				F3A2375022335D8100986BB6 /* Sources */,
				F3A2375122335D8100986BB6 /* Frameworks */,
				F3A2375222335D8100986BB6 /* Resources */,
			);
			buildRules = (
			);
			dependencies = (
			);
			name = "Github Commits";
			productName = "Github Commits";
			productReference = F3A2375422335D8100986BB6 /* Github Commits.app */;
			productType = "com.apple.product-type.application";
		};
/* End PBXNativeTarget section */

/* Begin PBXProject section */
		F3A2374C22335D8100986BB6 /* Project object */ = {
			isa = PBXProject;
			attributes = {
				LastSwiftUpdateCheck = 1010;
				LastUpgradeCheck = 1010;
				ORGANIZATIONNAME = "Brian Sipple";
				TargetAttributes = {
					F3A2375322335D8100986BB6 = {
						CreatedOnToolsVersion = 10.1;
					};
				};
			};
			buildConfigurationList = F3A2374F22335D8100986BB6 /* Build configuration list for PBXProject "Github Commits" */;
			compatibilityVersion = "Xcode 9.3";
			developmentRegion = en;
			hasScannedForEncodings = 0;
			knownRegions = (
				en,
				Base,
			);
			mainGroup = F3A2374B22335D8100986BB6;
			productRefGroup = F3A2375522335D8100986BB6 /* Products */;
			projectDirPath = "";
			projectRoot = "";
			targets = (
				F3A2375322335D8100986BB6 /* Github Commits */,
			);
		};
/* End PBXProject section */

/* Begin PBXResourcesBuildPhase section */
		F3A2375222335D8100986BB6 /* Resources */ = {
			isa = PBXResourcesBuildPhase;
			buildActionMask = 2147483647;
			files = (
				F3A237772233870A00986BB6 /* LaunchScreen.storyboard in Resources */,
				F3A237752233870A00986BB6 /* Assets.xcassets in Resources */,
				F3A237792233870A00986BB6 /* Home.storyboard in Resources */,
			);
			runOnlyForDeploymentPostprocessing = 0;
		};
/* End PBXResourcesBuildPhase section */

/* Begin PBXSourcesBuildPhase section */
		F3A2375022335D8100986BB6 /* Sources */ = {
			isa = PBXSourcesBuildPhase;
			buildActionMask = 2147483647;
			files = (
				F35ABF912234BDE000206C90 /* CodingUserInfoKey+Util.swift in Sources */,
				F3A2377D2233B2A200986BB6 /* CommitDetailViewController.swift in Sources */,
				F3A237782233870A00986BB6 /* AppDelegate.swift in Sources */,
				F35ABF8B2233E65F00206C90 /* Commit+CoreDataClass.swift in Sources */,
				F3A2377A2233870A00986BB6 /* HomeViewController.swift in Sources */,
				F3E26D612238E84500AE182D /* StoryboardID.swift in Sources */,
				F35ABF8C2233E65F00206C90 /* Commit+CoreDataProperties.swift in Sources */,
				F3E26D5F2238E32600AE182D /* AuthorCommitsListViewController.swift in Sources */,
				F35ABFD22235548400206C90 /* UIViewController+Util.swift in Sources */,
				F3E26D5C2238C78800AE182D /* Author+CoreDataClass.swift in Sources */,
				F35ABF8E2233F5CE00206C90 /* GithubAPI.swift in Sources */,
				F3E26D5B2238C78800AE182D /* Author+CoreDataProperties.swift in Sources */,
				F3A237842233C30200986BB6 /* GithubCommits.xcdatamodeld in Sources */,
			);
			runOnlyForDeploymentPostprocessing = 0;
		};
/* End PBXSourcesBuildPhase section */

/* Begin XCBuildConfiguration section */
		F3A2376422335D8300986BB6 /* Debug */ = {
			isa = XCBuildConfiguration;
			buildSettings = {
				ALWAYS_SEARCH_USER_PATHS = NO;
				CLANG_ANALYZER_NONNULL = YES;
				CLANG_ANALYZER_NUMBER_OBJECT_CONVERSION = YES_AGGRESSIVE;
				CLANG_CXX_LANGUAGE_STANDARD = "gnu++14";
				CLANG_CXX_LIBRARY = "libc++";
				CLANG_ENABLE_MODULES = YES;
				CLANG_ENABLE_OBJC_ARC = YES;
				CLANG_ENABLE_OBJC_WEAK = YES;
				CLANG_WARN_BLOCK_CAPTURE_AUTORELEASING = YES;
				CLANG_WARN_BOOL_CONVERSION = YES;
				CLANG_WARN_COMMA = YES;
				CLANG_WARN_CONSTANT_CONVERSION = YES;
				CLANG_WARN_DEPRECATED_OBJC_IMPLEMENTATIONS = YES;
				CLANG_WARN_DIRECT_OBJC_ISA_USAGE = YES_ERROR;
				CLANG_WARN_DOCUMENTATION_COMMENTS = YES;
				CLANG_WARN_EMPTY_BODY = YES;
				CLANG_WARN_ENUM_CONVERSION = YES;
				CLANG_WARN_INFINITE_RECURSION = YES;
				CLANG_WARN_INT_CONVERSION = YES;
				CLANG_WARN_NON_LITERAL_NULL_CONVERSION = YES;
				CLANG_WARN_OBJC_IMPLICIT_RETAIN_SELF = YES;
				CLANG_WARN_OBJC_LITERAL_CONVERSION = YES;
				CLANG_WARN_OBJC_ROOT_CLASS = YES_ERROR;
				CLANG_WARN_RANGE_LOOP_ANALYSIS = YES;
				CLANG_WARN_STRICT_PROTOTYPES = YES;
				CLANG_WARN_SUSPICIOUS_MOVE = YES;
				CLANG_WARN_UNGUARDED_AVAILABILITY = YES_AGGRESSIVE;
				CLANG_WARN_UNREACHABLE_CODE = YES;
				CLANG_WARN__DUPLICATE_METHOD_MATCH = YES;
				CODE_SIGN_IDENTITY = "iPhone Developer";
				COPY_PHASE_STRIP = NO;
				DEBUG_INFORMATION_FORMAT = dwarf;
				ENABLE_STRICT_OBJC_MSGSEND = YES;
				ENABLE_TESTABILITY = YES;
				GCC_C_LANGUAGE_STANDARD = gnu11;
				GCC_DYNAMIC_NO_PIC = NO;
				GCC_NO_COMMON_BLOCKS = YES;
				GCC_OPTIMIZATION_LEVEL = 0;
				GCC_PREPROCESSOR_DEFINITIONS = (
					"DEBUG=1",
					"$(inherited)",
				);
				GCC_WARN_64_TO_32_BIT_CONVERSION = YES;
				GCC_WARN_ABOUT_RETURN_TYPE = YES_ERROR;
				GCC_WARN_UNDECLARED_SELECTOR = YES;
				GCC_WARN_UNINITIALIZED_AUTOS = YES_AGGRESSIVE;
				GCC_WARN_UNUSED_FUNCTION = YES;
				GCC_WARN_UNUSED_VARIABLE = YES;
				IPHONEOS_DEPLOYMENT_TARGET = 12.1;
				MTL_ENABLE_DEBUG_INFO = INCLUDE_SOURCE;
				MTL_FAST_MATH = YES;
				ONLY_ACTIVE_ARCH = YES;
				SDKROOT = iphoneos;
				SWIFT_ACTIVE_COMPILATION_CONDITIONS = DEBUG;
				SWIFT_OPTIMIZATION_LEVEL = "-Onone";
			};
			name = Debug;
		};
		F3A2376522335D8300986BB6 /* Release */ = {
			isa = XCBuildConfiguration;
			buildSettings = {
				ALWAYS_SEARCH_USER_PATHS = NO;
				CLANG_ANALYZER_NONNULL = YES;
				CLANG_ANALYZER_NUMBER_OBJECT_CONVERSION = YES_AGGRESSIVE;
				CLANG_CXX_LANGUAGE_STANDARD = "gnu++14";
				CLANG_CXX_LIBRARY = "libc++";
				CLANG_ENABLE_MODULES = YES;
				CLANG_ENABLE_OBJC_ARC = YES;
				CLANG_ENABLE_OBJC_WEAK = YES;
				CLANG_WARN_BLOCK_CAPTURE_AUTORELEASING = YES;
				CLANG_WARN_BOOL_CONVERSION = YES;
				CLANG_WARN_COMMA = YES;
				CLANG_WARN_CONSTANT_CONVERSION = YES;
				CLANG_WARN_DEPRECATED_OBJC_IMPLEMENTATIONS = YES;
				CLANG_WARN_DIRECT_OBJC_ISA_USAGE = YES_ERROR;
				CLANG_WARN_DOCUMENTATION_COMMENTS = YES;
				CLANG_WARN_EMPTY_BODY = YES;
				CLANG_WARN_ENUM_CONVERSION = YES;
				CLANG_WARN_INFINITE_RECURSION = YES;
				CLANG_WARN_INT_CONVERSION = YES;
				CLANG_WARN_NON_LITERAL_NULL_CONVERSION = YES;
				CLANG_WARN_OBJC_IMPLICIT_RETAIN_SELF = YES;
				CLANG_WARN_OBJC_LITERAL_CONVERSION = YES;
				CLANG_WARN_OBJC_ROOT_CLASS = YES_ERROR;
				CLANG_WARN_RANGE_LOOP_ANALYSIS = YES;
				CLANG_WARN_STRICT_PROTOTYPES = YES;
				CLANG_WARN_SUSPICIOUS_MOVE = YES;
				CLANG_WARN_UNGUARDED_AVAILABILITY = YES_AGGRESSIVE;
				CLANG_WARN_UNREACHABLE_CODE = YES;
				CLANG_WARN__DUPLICATE_METHOD_MATCH = YES;
				CODE_SIGN_IDENTITY = "iPhone Developer";
				COPY_PHASE_STRIP = NO;
				DEBUG_INFORMATION_FORMAT = "dwarf-with-dsym";
				ENABLE_NS_ASSERTIONS = NO;
				ENABLE_STRICT_OBJC_MSGSEND = YES;
				GCC_C_LANGUAGE_STANDARD = gnu11;
				GCC_NO_COMMON_BLOCKS = YES;
				GCC_WARN_64_TO_32_BIT_CONVERSION = YES;
				GCC_WARN_ABOUT_RETURN_TYPE = YES_ERROR;
				GCC_WARN_UNDECLARED_SELECTOR = YES;
				GCC_WARN_UNINITIALIZED_AUTOS = YES_AGGRESSIVE;
				GCC_WARN_UNUSED_FUNCTION = YES;
				GCC_WARN_UNUSED_VARIABLE = YES;
				IPHONEOS_DEPLOYMENT_TARGET = 12.1;
				MTL_ENABLE_DEBUG_INFO = NO;
				MTL_FAST_MATH = YES;
				SDKROOT = iphoneos;
				SWIFT_COMPILATION_MODE = wholemodule;
				SWIFT_OPTIMIZATION_LEVEL = "-O";
				VALIDATE_PRODUCT = YES;
			};
			name = Release;
		};
		F3A2376722335D8300986BB6 /* Debug */ = {
			isa = XCBuildConfiguration;
			buildSettings = {
				ASSETCATALOG_COMPILER_APPICON_NAME = AppIcon;
				CODE_SIGN_STYLE = Automatic;
				DEVELOPMENT_TEAM = QRXXH2RKAG;
				INFOPLIST_FILE = "$(SRCROOT)/Source/Supporting Files/Info.plist";
				LD_RUNPATH_SEARCH_PATHS = (
					"$(inherited)",
					"@executable_path/Frameworks",
				);
				PRODUCT_BUNDLE_IDENTIFIER = "io.sipple.Github-Commits";
				PRODUCT_NAME = "$(TARGET_NAME)";
				SWIFT_VERSION = 4.2;
				TARGETED_DEVICE_FAMILY = "1,2";
			};
			name = Debug;
		};
		F3A2376822335D8300986BB6 /* Release */ = {
			isa = XCBuildConfiguration;
			buildSettings = {
				ASSETCATALOG_COMPILER_APPICON_NAME = AppIcon;
				CODE_SIGN_STYLE = Automatic;
				DEVELOPMENT_TEAM = QRXXH2RKAG;
				INFOPLIST_FILE = "$(SRCROOT)/Source/Supporting Files/Info.plist";
				LD_RUNPATH_SEARCH_PATHS = (
					"$(inherited)",
					"@executable_path/Frameworks",
				);
				PRODUCT_BUNDLE_IDENTIFIER = "io.sipple.Github-Commits";
				PRODUCT_NAME = "$(TARGET_NAME)";
				SWIFT_VERSION = 4.2;
				TARGETED_DEVICE_FAMILY = "1,2";
			};
			name = Release;
		};
/* End XCBuildConfiguration section */

/* Begin XCConfigurationList section */
		F3A2374F22335D8100986BB6 /* Build configuration list for PBXProject "Github Commits" */ = {
			isa = XCConfigurationList;
			buildConfigurations = (
				F3A2376422335D8300986BB6 /* Debug */,
				F3A2376522335D8300986BB6 /* Release */,
			);
			defaultConfigurationIsVisible = 0;
			defaultConfigurationName = Release;
		};
		F3A2376622335D8300986BB6 /* Build configuration list for PBXNativeTarget "Github Commits" */ = {
			isa = XCConfigurationList;
			buildConfigurations = (
				F3A2376722335D8300986BB6 /* Debug */,
				F3A2376822335D8300986BB6 /* Release */,
			);
			defaultConfigurationIsVisible = 0;
			defaultConfigurationName = Release;
		};
/* End XCConfigurationList section */

/* Begin XCVersionGroup section */
		F3A237822233C30200986BB6 /* GithubCommits.xcdatamodeld */ = {
			isa = XCVersionGroup;
			children = (
				F3A237832233C30200986BB6 /* GithubCommits.xcdatamodel */,
			);
			currentVersion = F3A237832233C30200986BB6 /* GithubCommits.xcdatamodel */;
			path = GithubCommits.xcdatamodeld;
			sourceTree = "<group>";
			versionGroupType = wrapper.xcdatamodel;
		};
/* End XCVersionGroup section */
	};
	rootObject = F3A2374C22335D8100986BB6 /* Project object */;
}
